
Microsoft Visual Studio Solution File, Format Version 12.00
# Visual Studio Version 16
VisualStudioVersion = 16.0.29613.14
MinimumVisualStudioVersion = 10.0.40219.1
Project("{9A19103F-16F7-4668-BE54-9A1E7A4F7556}") = "Template.API", "Template.API\Template.API.csproj", "{C31AEDF3-CA5B-4BED-A5C8-1C61FF37C97A}"
EndProject
Project("{9A19103F-16F7-4668-BE54-9A1E7A4F7556}") = "Template.Application", "Template.Application\Template.Application.csproj", "{54FCADF5-FF99-4E06-A0F1-96E82C342B22}"
EndProject
Project("{9A19103F-16F7-4668-BE54-9A1E7A4F7556}") = "Template.Infrastructure", "Template.Infrastructure\Template.Infrastructure.csproj", "{B3FD586A-B542-4BE9-A99E-71FCCB1DA976}"
EndProject
Project("{FAE04EC0-301F-11D3-BF4B-00C04F79EFBC}") = "Template.Domain", "Template.Domain\Template.Domain.csproj", "{95D5ED78-F8C4-4283-A65A-9C913795DC2D}"
EndProject
Global
	GlobalSection(SolutionConfigurationPlatforms) = preSolution
		Debug|Any CPU = Debug|Any CPU
		Release|Any CPU = Release|Any CPU
	EndGlobalSection
	GlobalSection(ProjectConfigurationPlatforms) = postSolution
		{C31AEDF3-CA5B-4BED-A5C8-1C61FF37C97A}.Debug|Any CPU.ActiveCfg = Debug|Any CPU
		{C31AEDF3-CA5B-4BED-A5C8-1C61FF37C97A}.Debug|Any CPU.Build.0 = Debug|Any CPU
		{C31AEDF3-CA5B-4BED-A5C8-1C61FF37C97A}.Release|Any CPU.ActiveCfg = Release|Any CPU
		{C31AEDF3-CA5B-4BED-A5C8-1C61FF37C97A}.Release|Any CPU.Build.0 = Release|Any CPU
		{54FCADF5-FF99-4E06-A0F1-96E82C342B22}.Debug|Any CPU.ActiveCfg = Debug|Any CPU
		{54FCADF5-FF99-4E06-A0F1-96E82C342B22}.Debug|Any CPU.Build.0 = Debug|Any CPU
		{54FCADF5-FF99-4E06-A0F1-96E82C342B22}.Release|Any CPU.ActiveCfg = Release|Any CPU
		{54FCADF5-FF99-4E06-A0F1-96E82C342B22}.Release|Any CPU.Build.0 = Release|Any CPU
		{B3FD586A-B542-4BE9-A99E-71FCCB1DA976}.Debug|Any CPU.ActiveCfg = Debug|Any CPU
		{B3FD586A-B542-4BE9-A99E-71FCCB1DA976}.Debug|Any CPU.Build.0 = Debug|Any CPU
		{B3FD586A-B542-4BE9-A99E-71FCCB1DA976}.Release|Any CPU.ActiveCfg = Release|Any CPU
		{B3FD586A-B542-4BE9-A99E-71FCCB1DA976}.Release|Any CPU.Build.0 = Release|Any CPU
		{95D5ED78-F8C4-4283-A65A-9C913795DC2D}.Debug|Any CPU.ActiveCfg = Debug|Any CPU
		{95D5ED78-F8C4-4283-A65A-9C913795DC2D}.Debug|Any CPU.Build.0 = Debug|Any CPU
		{95D5ED78-F8C4-4283-A65A-9C913795DC2D}.Release|Any CPU.ActiveCfg = Release|Any CPU
		{95D5ED78-F8C4-4283-A65A-9C913795DC2D}.Release|Any CPU.Build.0 = Release|Any CPU
	EndGlobalSection
	GlobalSection(SolutionProperties) = preSolution
		HideSolutionNode = FALSE
	EndGlobalSection
	GlobalSection(ExtensibilityGlobals) = postSolution
		SolutionGuid = {EE747009-E5E3-48CA-9754-04058996DE4A}
	EndGlobalSection
EndGlobal
